
Microsoft Visual Studio Solution File, Format Version 12.00
# Visual Studio Version 16
VisualStudioVersion = 16.0.30523.141
MinimumVisualStudioVersion = 10.0.40219.1
Project("{FAE04EC0-301F-11D3-BF4B-00C04F79EFBC}") = "BlazorApp1", "BlazorApp1\BlazorApp1.csproj", "{B2456D99-7496-484D-A127-A027438C7C75}"
EndProject
Project("{FAE04EC0-301F-11D3-BF4B-00C04F79EFBC}") = "BlazorApp1.Core", "BlazorApp1.Persistence\BlazorApp1.Core.csproj", "{5DE40D85-5FD8-4C62-B8E3-22FD9C43C15A}"
EndProject
Project("{FAE04EC0-301F-11D3-BF4B-00C04F79EFBC}") = "BlazorApp1.Data", "BlazorApp1.Data\BlazorApp1.Data.csproj", "{93D31CF4-0596-42D5-95A0-A221190FD552}"
EndProject
Global
	GlobalSection(SolutionConfigurationPlatforms) = preSolution
		Debug|Any CPU = Debug|Any CPU
		Release|Any CPU = Release|Any CPU
	EndGlobalSection
	GlobalSection(ProjectConfigurationPlatforms) = postSolution
		{B2456D99-7496-484D-A127-A027438C7C75}.Debug|Any CPU.ActiveCfg = Debug|Any CPU
		{B2456D99-7496-484D-A127-A027438C7C75}.Debug|Any CPU.Build.0 = Debug|Any CPU
		{B2456D99-7496-484D-A127-A027438C7C75}.Release|Any CPU.ActiveCfg = Release|Any CPU
		{B2456D99-7496-484D-A127-A027438C7C75}.Release|Any CPU.Build.0 = Release|Any CPU
		{5DE40D85-5FD8-4C62-B8E3-22FD9C43C15A}.Debug|Any CPU.ActiveCfg = Debug|Any CPU
		{5DE40D85-5FD8-4C62-B8E3-22FD9C43C15A}.Debug|Any CPU.Build.0 = Debug|Any CPU
		{5DE40D85-5FD8-4C62-B8E3-22FD9C43C15A}.Release|Any CPU.ActiveCfg = Release|Any CPU
		{5DE40D85-5FD8-4C62-B8E3-22FD9C43C15A}.Release|Any CPU.Build.0 = Release|Any CPU
		{93D31CF4-0596-42D5-95A0-A221190FD552}.Debug|Any CPU.ActiveCfg = Debug|Any CPU
		{93D31CF4-0596-42D5-95A0-A221190FD552}.Debug|Any CPU.Build.0 = Debug|Any CPU
		{93D31CF4-0596-42D5-95A0-A221190FD552}.Release|Any CPU.ActiveCfg = Release|Any CPU
		{93D31CF4-0596-42D5-95A0-A221190FD552}.Release|Any CPU.Build.0 = Release|Any CPU
	EndGlobalSection
	GlobalSection(SolutionProperties) = preSolution
		HideSolutionNode = FALSE
	EndGlobalSection
	GlobalSection(ExtensibilityGlobals) = postSolution
		SolutionGuid = {A980F620-246E-471A-A725-2080F1BB76E6}
	EndGlobalSection
EndGlobal
